
Microsoft Visual Studio Solution File, Format Version 12.00
# Visual Studio Version 17
VisualStudioVersion = 17.3.32519.111
MinimumVisualStudioVersion = 10.0.40219.1
Project("{9A19103F-16F7-4668-BE54-9A1E7A4F7556}") = "Sandbox", "Sandbox\Sandbox.csproj", "{23A0F69E-1CB3-44F4-96FC-771F1F4BA9B9}"
EndProject
Project("{FAE04EC0-301F-11D3-BF4B-00C04F79EFBC}") = "VotingSystem.Tests", "VotingSystem.Tests\VotingSystem.Tests.csproj", "{1E7EA800-AACF-4850-8735-49ADCE5ECC74}"
EndProject
Global
	GlobalSection(SolutionConfigurationPlatforms) = preSolution
		Debug|Any CPU = Debug|Any CPU
		Release|Any CPU = Release|Any CPU
	EndGlobalSection
	GlobalSection(ProjectConfigurationPlatforms) = postSolution
		{23A0F69E-1CB3-44F4-96FC-771F1F4BA9B9}.Debug|Any CPU.ActiveCfg = Debug|Any CPU
		{23A0F69E-1CB3-44F4-96FC-771F1F4BA9B9}.Debug|Any CPU.Build.0 = Debug|Any CPU
		{23A0F69E-1CB3-44F4-96FC-771F1F4BA9B9}.Release|Any CPU.ActiveCfg = Release|Any CPU
		{23A0F69E-1CB3-44F4-96FC-771F1F4BA9B9}.Release|Any CPU.Build.0 = Release|Any CPU
		{1E7EA800-AACF-4850-8735-49ADCE5ECC74}.Debug|Any CPU.ActiveCfg = Debug|Any CPU
		{1E7EA800-AACF-4850-8735-49ADCE5ECC74}.Debug|Any CPU.Build.0 = Debug|Any CPU
		{1E7EA800-AACF-4850-8735-49ADCE5ECC74}.Release|Any CPU.ActiveCfg = Release|Any CPU
		{1E7EA800-AACF-4850-8735-49ADCE5ECC74}.Release|Any CPU.Build.0 = Release|Any CPU
	EndGlobalSection
	GlobalSection(SolutionProperties) = preSolution
		HideSolutionNode = FALSE
	EndGlobalSection
	GlobalSection(ExtensibilityGlobals) = postSolution
		SolutionGuid = {8C1DBC89-D1F6-4420-BE7B-48997113C50C}
	EndGlobalSection
EndGlobal
